
Microsoft Visual Studio Solution File, Format Version 12.00
# Visual Studio Version 16
VisualStudioVersion = 16.0.30907.101
MinimumVisualStudioVersion = 15.0.26124.0
Project("{9A19103F-16F7-4668-BE54-9A1E7A4F7556}") = "DapperSample", "src\DapperSample\DapperSample.csproj", "{4B01550E-1F4B-4AB1-B580-E2ACC1E796AA}"
EndProject
Project("{9A19103F-16F7-4668-BE54-9A1E7A4F7556}") = "DomainLayer", "src\DomainLayer\DomainLayer.csproj", "{EB79DDCD-AA42-433D-A968-23B5B0633D6E}"
EndProject
Project("{9A19103F-16F7-4668-BE54-9A1E7A4F7556}") = "EFSample", "src\EFSample\EFSample.csproj", "{DF94B8E8-75A3-4C79-9282-F0400BE26073}"
EndProject
Project("{9A19103F-16F7-4668-BE54-9A1E7A4F7556}") = "LinqToDBSample", "src\LinqToDBSample\LinqToDBSample.csproj", "{0D444721-73B7-459D-A7BA-1986AD85A22F}"
EndProject
Project("{9A19103F-16F7-4668-BE54-9A1E7A4F7556}") = "ServiceLayer", "src\ServiceLayer\ServiceLayer.csproj", "{EFB0190A-92E2-4555-8EF7-4B327AF1213D}"
EndProject
Project("{9A19103F-16F7-4668-BE54-9A1E7A4F7556}") = "NHibernateSample", "src\NHibernateSample\NHibernateSample.csproj", "{C069A6FC-4AA6-46E6-A16C-592DA405E6A1}"
EndProject
Project("{9A19103F-16F7-4668-BE54-9A1E7A4F7556}") = "LLBLGenSample", "src\LLBLGenSample\LLBLGenSample.csproj", "{2BAAD976-9298-4DF2-A3CF-DCA31363624F}"
EndProject
Project("{9A19103F-16F7-4668-BE54-9A1E7A4F7556}") = "TestApi", "src\TestApi\TestApi.csproj", "{E81DE652-C9AA-450D-AF13-26907AB4115E}"
EndProject
Project("{9A19103F-16F7-4668-BE54-9A1E7A4F7556}") = "MTech.Entities", "..\..\..\..\..\temp\orm-tryout\DAL\DatabaseGeneric\MTech.Entities.csproj", "{96B4B612-B5AC-406B-8B89-93A4A1580CB7}"
EndProject
Project("{2150E333-8FDC-42A3-9474-1A3956D46DE8}") = "test", "test", "{FA70FF5D-CACD-404E-8B20-AD03E648F32A}"
EndProject
Project("{FAE04EC0-301F-11D3-BF4B-00C04F79EFBC}") = "LLBLGenSampleTests", "test\LLBLGenSampleTests\LLBLGenSampleTests.csproj", "{F2E21386-9CA6-4EC3-ABC9-8827B3B88F27}"
EndProject
Project("{FAE04EC0-301F-11D3-BF4B-00C04F79EFBC}") = "TestApi.IntegrationTests", "test\TestApi.IntegrationTests\TestApi.IntegrationTests.csproj", "{C1F9276D-9A07-4606-B08B-A6113273537C}"
EndProject
Project("{9A19103F-16F7-4668-BE54-9A1E7A4F7556}") = "MTech.LLBLGen.Entities", "src\DatabaseGeneric\MTech.LLBLGen.Entities.csproj", "{EB82886F-FB27-4E88-ABF0-7362085923C6}"
EndProject
Project("{9A19103F-16F7-4668-BE54-9A1E7A4F7556}") = "MTech.LLBLGen.EntitiesDBSpecific", "src\DatabaseSpecific\MTech.LLBLGen.EntitiesDBSpecific.csproj", "{33CB0FF4-1F49-4CC2-92E4-23CFB4ABE8BD}"
EndProject
Global
	GlobalSection(SolutionConfigurationPlatforms) = preSolution
		Debug|Any CPU = Debug|Any CPU
		Debug|x64 = Debug|x64
		Debug|x86 = Debug|x86
		Release|Any CPU = Release|Any CPU
		Release|x64 = Release|x64
		Release|x86 = Release|x86
	EndGlobalSection
	GlobalSection(ProjectConfigurationPlatforms) = postSolution
		{4B01550E-1F4B-4AB1-B580-E2ACC1E796AA}.Debug|Any CPU.ActiveCfg = Debug|Any CPU
		{4B01550E-1F4B-4AB1-B580-E2ACC1E796AA}.Debug|Any CPU.Build.0 = Debug|Any CPU
		{4B01550E-1F4B-4AB1-B580-E2ACC1E796AA}.Debug|x64.ActiveCfg = Debug|Any CPU
		{4B01550E-1F4B-4AB1-B580-E2ACC1E796AA}.Debug|x64.Build.0 = Debug|Any CPU
		{4B01550E-1F4B-4AB1-B580-E2ACC1E796AA}.Debug|x86.ActiveCfg = Debug|Any CPU
		{4B01550E-1F4B-4AB1-B580-E2ACC1E796AA}.Debug|x86.Build.0 = Debug|Any CPU
		{4B01550E-1F4B-4AB1-B580-E2ACC1E796AA}.Release|Any CPU.ActiveCfg = Release|Any CPU
		{4B01550E-1F4B-4AB1-B580-E2ACC1E796AA}.Release|Any CPU.Build.0 = Release|Any CPU
		{4B01550E-1F4B-4AB1-B580-E2ACC1E796AA}.Release|x64.ActiveCfg = Release|Any CPU
		{4B01550E-1F4B-4AB1-B580-E2ACC1E796AA}.Release|x64.Build.0 = Release|Any CPU
		{4B01550E-1F4B-4AB1-B580-E2ACC1E796AA}.Release|x86.ActiveCfg = Release|Any CPU
		{4B01550E-1F4B-4AB1-B580-E2ACC1E796AA}.Release|x86.Build.0 = Release|Any CPU
		{EB79DDCD-AA42-433D-A968-23B5B0633D6E}.Debug|Any CPU.ActiveCfg = Debug|Any CPU
		{EB79DDCD-AA42-433D-A968-23B5B0633D6E}.Debug|Any CPU.Build.0 = Debug|Any CPU
		{EB79DDCD-AA42-433D-A968-23B5B0633D6E}.Debug|x64.ActiveCfg = Debug|Any CPU
		{EB79DDCD-AA42-433D-A968-23B5B0633D6E}.Debug|x64.Build.0 = Debug|Any CPU
		{EB79DDCD-AA42-433D-A968-23B5B0633D6E}.Debug|x86.ActiveCfg = Debug|Any CPU
		{EB79DDCD-AA42-433D-A968-23B5B0633D6E}.Debug|x86.Build.0 = Debug|Any CPU
		{EB79DDCD-AA42-433D-A968-23B5B0633D6E}.Release|Any CPU.ActiveCfg = Release|Any CPU
		{EB79DDCD-AA42-433D-A968-23B5B0633D6E}.Release|Any CPU.Build.0 = Release|Any CPU
		{EB79DDCD-AA42-433D-A968-23B5B0633D6E}.Release|x64.ActiveCfg = Release|Any CPU
		{EB79DDCD-AA42-433D-A968-23B5B0633D6E}.Release|x64.Build.0 = Release|Any CPU
		{EB79DDCD-AA42-433D-A968-23B5B0633D6E}.Release|x86.ActiveCfg = Release|Any CPU
		{EB79DDCD-AA42-433D-A968-23B5B0633D6E}.Release|x86.Build.0 = Release|Any CPU
		{DF94B8E8-75A3-4C79-9282-F0400BE26073}.Debug|Any CPU.ActiveCfg = Debug|Any CPU
		{DF94B8E8-75A3-4C79-9282-F0400BE26073}.Debug|Any CPU.Build.0 = Debug|Any CPU
		{DF94B8E8-75A3-4C79-9282-F0400BE26073}.Debug|x64.ActiveCfg = Debug|Any CPU
		{DF94B8E8-75A3-4C79-9282-F0400BE26073}.Debug|x64.Build.0 = Debug|Any CPU
		{DF94B8E8-75A3-4C79-9282-F0400BE26073}.Debug|x86.ActiveCfg = Debug|Any CPU
		{DF94B8E8-75A3-4C79-9282-F0400BE26073}.Debug|x86.Build.0 = Debug|Any CPU
		{DF94B8E8-75A3-4C79-9282-F0400BE26073}.Release|Any CPU.ActiveCfg = Release|Any CPU
		{DF94B8E8-75A3-4C79-9282-F0400BE26073}.Release|Any CPU.Build.0 = Release|Any CPU
		{DF94B8E8-75A3-4C79-9282-F0400BE26073}.Release|x64.ActiveCfg = Release|Any CPU
		{DF94B8E8-75A3-4C79-9282-F0400BE26073}.Release|x64.Build.0 = Release|Any CPU
		{DF94B8E8-75A3-4C79-9282-F0400BE26073}.Release|x86.ActiveCfg = Release|Any CPU
		{DF94B8E8-75A3-4C79-9282-F0400BE26073}.Release|x86.Build.0 = Release|Any CPU
		{0D444721-73B7-459D-A7BA-1986AD85A22F}.Debug|Any CPU.ActiveCfg = Debug|Any CPU
		{0D444721-73B7-459D-A7BA-1986AD85A22F}.Debug|Any CPU.Build.0 = Debug|Any CPU
		{0D444721-73B7-459D-A7BA-1986AD85A22F}.Debug|x64.ActiveCfg = Debug|Any CPU
		{0D444721-73B7-459D-A7BA-1986AD85A22F}.Debug|x64.Build.0 = Debug|Any CPU
		{0D444721-73B7-459D-A7BA-1986AD85A22F}.Debug|x86.ActiveCfg = Debug|Any CPU
		{0D444721-73B7-459D-A7BA-1986AD85A22F}.Debug|x86.Build.0 = Debug|Any CPU
		{0D444721-73B7-459D-A7BA-1986AD85A22F}.Release|Any CPU.ActiveCfg = Release|Any CPU
		{0D444721-73B7-459D-A7BA-1986AD85A22F}.Release|Any CPU.Build.0 = Release|Any CPU
		{0D444721-73B7-459D-A7BA-1986AD85A22F}.Release|x64.ActiveCfg = Release|Any CPU
		{0D444721-73B7-459D-A7BA-1986AD85A22F}.Release|x64.Build.0 = Release|Any CPU
		{0D444721-73B7-459D-A7BA-1986AD85A22F}.Release|x86.ActiveCfg = Release|Any CPU
		{0D444721-73B7-459D-A7BA-1986AD85A22F}.Release|x86.Build.0 = Release|Any CPU
		{EFB0190A-92E2-4555-8EF7-4B327AF1213D}.Debug|Any CPU.ActiveCfg = Debug|Any CPU
		{EFB0190A-92E2-4555-8EF7-4B327AF1213D}.Debug|Any CPU.Build.0 = Debug|Any CPU
		{EFB0190A-92E2-4555-8EF7-4B327AF1213D}.Debug|x64.ActiveCfg = Debug|Any CPU
		{EFB0190A-92E2-4555-8EF7-4B327AF1213D}.Debug|x64.Build.0 = Debug|Any CPU
		{EFB0190A-92E2-4555-8EF7-4B327AF1213D}.Debug|x86.ActiveCfg = Debug|Any CPU
		{EFB0190A-92E2-4555-8EF7-4B327AF1213D}.Debug|x86.Build.0 = Debug|Any CPU
		{EFB0190A-92E2-4555-8EF7-4B327AF1213D}.Release|Any CPU.ActiveCfg = Release|Any CPU
		{EFB0190A-92E2-4555-8EF7-4B327AF1213D}.Release|Any CPU.Build.0 = Release|Any CPU
		{EFB0190A-92E2-4555-8EF7-4B327AF1213D}.Release|x64.ActiveCfg = Release|Any CPU
		{EFB0190A-92E2-4555-8EF7-4B327AF1213D}.Release|x64.Build.0 = Release|Any CPU
		{EFB0190A-92E2-4555-8EF7-4B327AF1213D}.Release|x86.ActiveCfg = Release|Any CPU
		{EFB0190A-92E2-4555-8EF7-4B327AF1213D}.Release|x86.Build.0 = Release|Any CPU
		{C069A6FC-4AA6-46E6-A16C-592DA405E6A1}.Debug|Any CPU.ActiveCfg = Debug|Any CPU
		{C069A6FC-4AA6-46E6-A16C-592DA405E6A1}.Debug|Any CPU.Build.0 = Debug|Any CPU
		{C069A6FC-4AA6-46E6-A16C-592DA405E6A1}.Debug|x64.ActiveCfg = Debug|Any CPU
		{C069A6FC-4AA6-46E6-A16C-592DA405E6A1}.Debug|x64.Build.0 = Debug|Any CPU
		{C069A6FC-4AA6-46E6-A16C-592DA405E6A1}.Debug|x86.ActiveCfg = Debug|Any CPU
		{C069A6FC-4AA6-46E6-A16C-592DA405E6A1}.Debug|x86.Build.0 = Debug|Any CPU
		{C069A6FC-4AA6-46E6-A16C-592DA405E6A1}.Release|Any CPU.ActiveCfg = Release|Any CPU
		{C069A6FC-4AA6-46E6-A16C-592DA405E6A1}.Release|Any CPU.Build.0 = Release|Any CPU
		{C069A6FC-4AA6-46E6-A16C-592DA405E6A1}.Release|x64.ActiveCfg = Release|Any CPU
		{C069A6FC-4AA6-46E6-A16C-592DA405E6A1}.Release|x64.Build.0 = Release|Any CPU
		{C069A6FC-4AA6-46E6-A16C-592DA405E6A1}.Release|x86.ActiveCfg = Release|Any CPU
		{C069A6FC-4AA6-46E6-A16C-592DA405E6A1}.Release|x86.Build.0 = Release|Any CPU
		{2BAAD976-9298-4DF2-A3CF-DCA31363624F}.Debug|Any CPU.ActiveCfg = Debug|Any CPU
		{2BAAD976-9298-4DF2-A3CF-DCA31363624F}.Debug|Any CPU.Build.0 = Debug|Any CPU
		{2BAAD976-9298-4DF2-A3CF-DCA31363624F}.Debug|x64.ActiveCfg = Debug|Any CPU
		{2BAAD976-9298-4DF2-A3CF-DCA31363624F}.Debug|x64.Build.0 = Debug|Any CPU
		{2BAAD976-9298-4DF2-A3CF-DCA31363624F}.Debug|x86.ActiveCfg = Debug|Any CPU
		{2BAAD976-9298-4DF2-A3CF-DCA31363624F}.Debug|x86.Build.0 = Debug|Any CPU
		{2BAAD976-9298-4DF2-A3CF-DCA31363624F}.Release|Any CPU.ActiveCfg = Release|Any CPU
		{2BAAD976-9298-4DF2-A3CF-DCA31363624F}.Release|Any CPU.Build.0 = Release|Any CPU
		{2BAAD976-9298-4DF2-A3CF-DCA31363624F}.Release|x64.ActiveCfg = Release|Any CPU
		{2BAAD976-9298-4DF2-A3CF-DCA31363624F}.Release|x64.Build.0 = Release|Any CPU
		{2BAAD976-9298-4DF2-A3CF-DCA31363624F}.Release|x86.ActiveCfg = Release|Any CPU
		{2BAAD976-9298-4DF2-A3CF-DCA31363624F}.Release|x86.Build.0 = Release|Any CPU
		{E81DE652-C9AA-450D-AF13-26907AB4115E}.Debug|Any CPU.ActiveCfg = Debug|Any CPU
		{E81DE652-C9AA-450D-AF13-26907AB4115E}.Debug|Any CPU.Build.0 = Debug|Any CPU
		{E81DE652-C9AA-450D-AF13-26907AB4115E}.Debug|x64.ActiveCfg = Debug|Any CPU
		{E81DE652-C9AA-450D-AF13-26907AB4115E}.Debug|x64.Build.0 = Debug|Any CPU
		{E81DE652-C9AA-450D-AF13-26907AB4115E}.Debug|x86.ActiveCfg = Debug|Any CPU
		{E81DE652-C9AA-450D-AF13-26907AB4115E}.Debug|x86.Build.0 = Debug|Any CPU
		{E81DE652-C9AA-450D-AF13-26907AB4115E}.Release|Any CPU.ActiveCfg = Release|Any CPU
		{E81DE652-C9AA-450D-AF13-26907AB4115E}.Release|Any CPU.Build.0 = Release|Any CPU
		{E81DE652-C9AA-450D-AF13-26907AB4115E}.Release|x64.ActiveCfg = Release|Any CPU
		{E81DE652-C9AA-450D-AF13-26907AB4115E}.Release|x64.Build.0 = Release|Any CPU
		{E81DE652-C9AA-450D-AF13-26907AB4115E}.Release|x86.ActiveCfg = Release|Any CPU
		{E81DE652-C9AA-450D-AF13-26907AB4115E}.Release|x86.Build.0 = Release|Any CPU
		{96B4B612-B5AC-406B-8B89-93A4A1580CB7}.Debug|Any CPU.ActiveCfg = Debug|Any CPU
		{96B4B612-B5AC-406B-8B89-93A4A1580CB7}.Debug|Any CPU.Build.0 = Debug|Any CPU
		{96B4B612-B5AC-406B-8B89-93A4A1580CB7}.Debug|x64.ActiveCfg = Debug|Any CPU
		{96B4B612-B5AC-406B-8B89-93A4A1580CB7}.Debug|x64.Build.0 = Debug|Any CPU
		{96B4B612-B5AC-406B-8B89-93A4A1580CB7}.Debug|x86.ActiveCfg = Debug|Any CPU
		{96B4B612-B5AC-406B-8B89-93A4A1580CB7}.Debug|x86.Build.0 = Debug|Any CPU
		{96B4B612-B5AC-406B-8B89-93A4A1580CB7}.Release|Any CPU.ActiveCfg = Release|Any CPU
		{96B4B612-B5AC-406B-8B89-93A4A1580CB7}.Release|Any CPU.Build.0 = Release|Any CPU
		{96B4B612-B5AC-406B-8B89-93A4A1580CB7}.Release|x64.ActiveCfg = Release|Any CPU
		{96B4B612-B5AC-406B-8B89-93A4A1580CB7}.Release|x64.Build.0 = Release|Any CPU
		{96B4B612-B5AC-406B-8B89-93A4A1580CB7}.Release|x86.ActiveCfg = Release|Any CPU
		{96B4B612-B5AC-406B-8B89-93A4A1580CB7}.Release|x86.Build.0 = Release|Any CPU
		{F2E21386-9CA6-4EC3-ABC9-8827B3B88F27}.Debug|Any CPU.ActiveCfg = Debug|Any CPU
		{F2E21386-9CA6-4EC3-ABC9-8827B3B88F27}.Debug|Any CPU.Build.0 = Debug|Any CPU
		{F2E21386-9CA6-4EC3-ABC9-8827B3B88F27}.Debug|x64.ActiveCfg = Debug|Any CPU
		{F2E21386-9CA6-4EC3-ABC9-8827B3B88F27}.Debug|x64.Build.0 = Debug|Any CPU
		{F2E21386-9CA6-4EC3-ABC9-8827B3B88F27}.Debug|x86.ActiveCfg = Debug|Any CPU
		{F2E21386-9CA6-4EC3-ABC9-8827B3B88F27}.Debug|x86.Build.0 = Debug|Any CPU
		{F2E21386-9CA6-4EC3-ABC9-8827B3B88F27}.Release|Any CPU.ActiveCfg = Release|Any CPU
		{F2E21386-9CA6-4EC3-ABC9-8827B3B88F27}.Release|Any CPU.Build.0 = Release|Any CPU
		{F2E21386-9CA6-4EC3-ABC9-8827B3B88F27}.Release|x64.ActiveCfg = Release|Any CPU
		{F2E21386-9CA6-4EC3-ABC9-8827B3B88F27}.Release|x64.Build.0 = Release|Any CPU
		{F2E21386-9CA6-4EC3-ABC9-8827B3B88F27}.Release|x86.ActiveCfg = Release|Any CPU
		{F2E21386-9CA6-4EC3-ABC9-8827B3B88F27}.Release|x86.Build.0 = Release|Any CPU
		{C1F9276D-9A07-4606-B08B-A6113273537C}.Debug|Any CPU.ActiveCfg = Debug|Any CPU
		{C1F9276D-9A07-4606-B08B-A6113273537C}.Debug|Any CPU.Build.0 = Debug|Any CPU
		{C1F9276D-9A07-4606-B08B-A6113273537C}.Debug|x64.ActiveCfg = Debug|Any CPU
		{C1F9276D-9A07-4606-B08B-A6113273537C}.Debug|x64.Build.0 = Debug|Any CPU
		{C1F9276D-9A07-4606-B08B-A6113273537C}.Debug|x86.ActiveCfg = Debug|Any CPU
		{C1F9276D-9A07-4606-B08B-A6113273537C}.Debug|x86.Build.0 = Debug|Any CPU
		{C1F9276D-9A07-4606-B08B-A6113273537C}.Release|Any CPU.ActiveCfg = Release|Any CPU
		{C1F9276D-9A07-4606-B08B-A6113273537C}.Release|Any CPU.Build.0 = Release|Any CPU
		{C1F9276D-9A07-4606-B08B-A6113273537C}.Release|x64.ActiveCfg = Release|Any CPU
		{C1F9276D-9A07-4606-B08B-A6113273537C}.Release|x64.Build.0 = Release|Any CPU
		{C1F9276D-9A07-4606-B08B-A6113273537C}.Release|x86.ActiveCfg = Release|Any CPU
		{C1F9276D-9A07-4606-B08B-A6113273537C}.Release|x86.Build.0 = Release|Any CPU
		{EB82886F-FB27-4E88-ABF0-7362085923C6}.Debug|Any CPU.ActiveCfg = Debug|Any CPU
		{EB82886F-FB27-4E88-ABF0-7362085923C6}.Debug|Any CPU.Build.0 = Debug|Any CPU
		{EB82886F-FB27-4E88-ABF0-7362085923C6}.Debug|x64.ActiveCfg = Debug|Any CPU
		{EB82886F-FB27-4E88-ABF0-7362085923C6}.Debug|x64.Build.0 = Debug|Any CPU
		{EB82886F-FB27-4E88-ABF0-7362085923C6}.Debug|x86.ActiveCfg = Debug|Any CPU
		{EB82886F-FB27-4E88-ABF0-7362085923C6}.Debug|x86.Build.0 = Debug|Any CPU
		{EB82886F-FB27-4E88-ABF0-7362085923C6}.Release|Any CPU.ActiveCfg = Release|Any CPU
		{EB82886F-FB27-4E88-ABF0-7362085923C6}.Release|Any CPU.Build.0 = Release|Any CPU
		{EB82886F-FB27-4E88-ABF0-7362085923C6}.Release|x64.ActiveCfg = Release|Any CPU
		{EB82886F-FB27-4E88-ABF0-7362085923C6}.Release|x64.Build.0 = Release|Any CPU
		{EB82886F-FB27-4E88-ABF0-7362085923C6}.Release|x86.ActiveCfg = Release|Any CPU
		{EB82886F-FB27-4E88-ABF0-7362085923C6}.Release|x86.Build.0 = Release|Any CPU
		{33CB0FF4-1F49-4CC2-92E4-23CFB4ABE8BD}.Debug|Any CPU.ActiveCfg = Debug|Any CPU
		{33CB0FF4-1F49-4CC2-92E4-23CFB4ABE8BD}.Debug|Any CPU.Build.0 = Debug|Any CPU
		{33CB0FF4-1F49-4CC2-92E4-23CFB4ABE8BD}.Debug|x64.ActiveCfg = Debug|Any CPU
		{33CB0FF4-1F49-4CC2-92E4-23CFB4ABE8BD}.Debug|x64.Build.0 = Debug|Any CPU
		{33CB0FF4-1F49-4CC2-92E4-23CFB4ABE8BD}.Debug|x86.ActiveCfg = Debug|Any CPU
		{33CB0FF4-1F49-4CC2-92E4-23CFB4ABE8BD}.Debug|x86.Build.0 = Debug|Any CPU
		{33CB0FF4-1F49-4CC2-92E4-23CFB4ABE8BD}.Release|Any CPU.ActiveCfg = Release|Any CPU
		{33CB0FF4-1F49-4CC2-92E4-23CFB4ABE8BD}.Release|Any CPU.Build.0 = Release|Any CPU
		{33CB0FF4-1F49-4CC2-92E4-23CFB4ABE8BD}.Release|x64.ActiveCfg = Release|Any CPU
		{33CB0FF4-1F49-4CC2-92E4-23CFB4ABE8BD}.Release|x64.Build.0 = Release|Any CPU
		{33CB0FF4-1F49-4CC2-92E4-23CFB4ABE8BD}.Release|x86.ActiveCfg = Release|Any CPU
		{33CB0FF4-1F49-4CC2-92E4-23CFB4ABE8BD}.Release|x86.Build.0 = Release|Any CPU
	EndGlobalSection
	GlobalSection(SolutionProperties) = preSolution
		HideSolutionNode = FALSE
	EndGlobalSection
	GlobalSection(NestedProjects) = preSolution
		{F2E21386-9CA6-4EC3-ABC9-8827B3B88F27} = {FA70FF5D-CACD-404E-8B20-AD03E648F32A}
		{C1F9276D-9A07-4606-B08B-A6113273537C} = {FA70FF5D-CACD-404E-8B20-AD03E648F32A}
	EndGlobalSection
	GlobalSection(ExtensibilityGlobals) = postSolution
		SolutionGuid = {3678A5D4-A1F4-4EA1-AC3E-A8C6E4217994}
	EndGlobalSection
EndGlobal
